
Microsoft Visual Studio Solution File, Format Version 12.00
# Visual Studio Version 18
VisualStudioVersion = 18.3.11520.95 d18.3
MinimumVisualStudioVersion = 10.0.40219.1
Project("{FAE04EC0-301F-11D3-BF4B-00C04F79EFBC}") = "winRubish_TempDataServiceWeeklyDeletor", "winRubish_TempDataServiceWeeklyDeletor.csproj", "{102EC909-D0C4-450C-8809-E58D320E551E}"
EndProject
Global
	GlobalSection(SolutionConfigurationPlatforms) = preSolution
		Debug|Any CPU = Debug|Any CPU
		Release|Any CPU = Release|Any CPU
	EndGlobalSection
	GlobalSection(ProjectConfigurationPlatforms) = postSolution
		{102EC909-D0C4-450C-8809-E58D320E551E}.Debug|Any CPU.ActiveCfg = Debug|Any CPU
		{102EC909-D0C4-450C-8809-E58D320E551E}.Debug|Any CPU.Build.0 = Debug|Any CPU
		{102EC909-D0C4-450C-8809-E58D320E551E}.Release|Any CPU.ActiveCfg = Release|Any CPU
		{102EC909-D0C4-450C-8809-E58D320E551E}.Release|Any CPU.Build.0 = Release|Any CPU
	EndGlobalSection
	GlobalSection(SolutionProperties) = preSolution
		HideSolutionNode = FALSE
	EndGlobalSection
	GlobalSection(ExtensibilityGlobals) = postSolution
		SolutionGuid = {B152151F-3476-4C31-9B10-10EAD4CF3C2F}
	EndGlobalSection
EndGlobal
